// !$*UTF8*$!
{
	archiveVersion = 1;
	classes = {
	};
	objectVersion = 77;
	objects = {

/* Begin PBXBuildFile section */
		6820B1AF2CCEE24600D4E2F5 /* Rios in Frameworks */ = {isa = PBXBuildFile; productRef = 6820B1AE2CCEE24600D4E2F5 /* Rios */; };
		68E2AD172CDC217C00DEC8DD /* AicNetwork in Frameworks */ = {isa = PBXBuildFile; productRef = 68E2AD162CDC217C00DEC8DD /* AicNetwork */; };
		68E2AD192CDC217C00DEC8DD /* Rios in Frameworks */ = {isa = PBXBuildFile; productRef = 68E2AD182CDC217C00DEC8DD /* Rios */; };
/* End PBXBuildFile section */

/* Begin PBXContainerItemProxy section */
		68C3A2DE2CC59E2C00555A28 /* PBXContainerItemProxy */ = {
			isa = PBXContainerItemProxy;
			containerPortal = 68C3A2C52CC59E2B00555A28 /* Project object */;
			proxyType = 1;
			remoteGlobalIDString = 68C3A2CC2CC59E2B00555A28;
			remoteInfo = Caudales;
		};
		68C3A2E82CC59E2C00555A28 /* PBXContainerItemProxy */ = {
			isa = PBXContainerItemProxy;
			containerPortal = 68C3A2C52CC59E2B00555A28 /* Project object */;
			proxyType = 1;
			remoteGlobalIDString = 68C3A2CC2CC59E2B00555A28;
			remoteInfo = Caudales;
		};
/* End PBXContainerItemProxy section */

/* Begin PBXFileReference section */
		68C3A2CD2CC59E2B00555A28 /* Caudales.app */ = {isa = PBXFileReference; explicitFileType = wrapper.application; includeInIndex = 0; path = Caudales.app; sourceTree = BUILT_PRODUCTS_DIR; };
		68C3A2DD2CC59E2C00555A28 /* CaudalesTests.xctest */ = {isa = PBXFileReference; explicitFileType = wrapper.cfbundle; includeInIndex = 0; path = CaudalesTests.xctest; sourceTree = BUILT_PRODUCTS_DIR; };
		68C3A2E72CC59E2C00555A28 /* CaudalesUITests.xctest */ = {isa = PBXFileReference; explicitFileType = wrapper.cfbundle; includeInIndex = 0; path = CaudalesUITests.xctest; sourceTree = BUILT_PRODUCTS_DIR; };
		68F3DA682CCEDC5200EE5531 /* Modules */ = {isa = PBXFileReference; lastKnownFileType = wrapper; path = Modules; sourceTree = "<group>"; };
/* End PBXFileReference section */

/* Begin PBXFileSystemSynchronizedRootGroup section */
		68C3A2CF2CC59E2B00555A28 /* Caudales */ = {
			isa = PBXFileSystemSynchronizedRootGroup;
			path = Caudales;
			sourceTree = "<group>";
		};
		68C3A2E02CC59E2C00555A28 /* CaudalesTests */ = {
			isa = PBXFileSystemSynchronizedRootGroup;
			path = CaudalesTests;
			sourceTree = "<group>";
		};
/* End PBXFileSystemSynchronizedRootGroup section */

/* Begin PBXFrameworksBuildPhase section */
		68C3A2CA2CC59E2B00555A28 /* Frameworks */ = {
			isa = PBXFrameworksBuildPhase;
			buildActionMask = 2147483647;
			files = (
				68E2AD192CDC217C00DEC8DD /* Rios in Frameworks */,
				6820B1AF2CCEE24600D4E2F5 /* Rios in Frameworks */,
				68E2AD172CDC217C00DEC8DD /* AicNetwork in Frameworks */,
			);
			runOnlyForDeploymentPostprocessing = 0;
		};
		68C3A2DA2CC59E2C00555A28 /* Frameworks */ = {
			isa = PBXFrameworksBuildPhase;
			buildActionMask = 2147483647;
			files = (
			);
			runOnlyForDeploymentPostprocessing = 0;
		};
		68C3A2E42CC59E2C00555A28 /* Frameworks */ = {
			isa = PBXFrameworksBuildPhase;
			buildActionMask = 2147483647;
			files = (
			);
			runOnlyForDeploymentPostprocessing = 0;
		};
/* End PBXFrameworksBuildPhase section */

/* Begin PBXGroup section */
		685CFF002CC9AE5C00D2EE2F /* Frameworks */ = {
			isa = PBXGroup;
			children = (
			);
			name = Frameworks;
			sourceTree = "<group>";
		};
		68C3A2C42CC59E2B00555A28 = {
			isa = PBXGroup;
			children = (
				68C3A2CF2CC59E2B00555A28 /* Caudales */,
				68C3A2E02CC59E2C00555A28 /* CaudalesTests */,
				685CFF002CC9AE5C00D2EE2F /* Frameworks */,
				68F3DA682CCEDC5200EE5531 /* Modules */,
				68C3A2CE2CC59E2B00555A28 /* Products */,
			);
			sourceTree = "<group>";
		};
		68C3A2CE2CC59E2B00555A28 /* Products */ = {
			isa = PBXGroup;
			children = (
				68C3A2CD2CC59E2B00555A28 /* Caudales.app */,
				68C3A2DD2CC59E2C00555A28 /* CaudalesTests.xctest */,
				68C3A2E72CC59E2C00555A28 /* CaudalesUITests.xctest */,
			);
			name = Products;
			sourceTree = "<group>";
		};
/* End PBXGroup section */

/* Begin PBXNativeTarget section */
		68C3A2CC2CC59E2B00555A28 /* Caudales */ = {
			isa = PBXNativeTarget;
			buildConfigurationList = 68C3A2F12CC59E2C00555A28 /* Build configuration list for PBXNativeTarget "Caudales" */;
			buildPhases = (
				68C3A2C92CC59E2B00555A28 /* Sources */,
				68C3A2CA2CC59E2B00555A28 /* Frameworks */,
				68C3A2CB2CC59E2B00555A28 /* Resources */,
			);
			buildRules = (
			);
			dependencies = (
			);
			fileSystemSynchronizedGroups = (
				68C3A2CF2CC59E2B00555A28 /* Caudales */,
			);
			name = Caudales;
			packageProductDependencies = (
				6820B1AE2CCEE24600D4E2F5 /* Rios */,
				68E2AD162CDC217C00DEC8DD /* AicNetwork */,
				68E2AD182CDC217C00DEC8DD /* Rios */,
			);
			productName = Caudales;
			productReference = 68C3A2CD2CC59E2B00555A28 /* Caudales.app */;
			productType = "com.apple.product-type.application";
		};
		68C3A2DC2CC59E2C00555A28 /* CaudalesTests */ = {
			isa = PBXNativeTarget;
			buildConfigurationList = 68C3A2F42CC59E2C00555A28 /* Build configuration list for PBXNativeTarget "CaudalesTests" */;
			buildPhases = (
				68C3A2D92CC59E2C00555A28 /* Sources */,
				68C3A2DA2CC59E2C00555A28 /* Frameworks */,
				68C3A2DB2CC59E2C00555A28 /* Resources */,
			);
			buildRules = (
			);
			dependencies = (
				68C3A2DF2CC59E2C00555A28 /* PBXTargetDependency */,
			);
			fileSystemSynchronizedGroups = (
				68C3A2E02CC59E2C00555A28 /* CaudalesTests */,
			);
			name = CaudalesTests;
			packageProductDependencies = (
			);
			productName = CaudalesTests;
			productReference = 68C3A2DD2CC59E2C00555A28 /* CaudalesTests.xctest */;
			productType = "com.apple.product-type.bundle.unit-test";
		};
		68C3A2E62CC59E2C00555A28 /* CaudalesUITests */ = {
			isa = PBXNativeTarget;
			buildConfigurationList = 68C3A2F72CC59E2C00555A28 /* Build configuration list for PBXNativeTarget "CaudalesUITests" */;
			buildPhases = (
				68C3A2E32CC59E2C00555A28 /* Sources */,
				68C3A2E42CC59E2C00555A28 /* Frameworks */,
				68C3A2E52CC59E2C00555A28 /* Resources */,
			);
			buildRules = (
			);
			dependencies = (
				68C3A2E92CC59E2C00555A28 /* PBXTargetDependency */,
			);
			name = CaudalesUITests;
			packageProductDependencies = (
			);
			productName = CaudalesUITests;
			productReference = 68C3A2E72CC59E2C00555A28 /* CaudalesUITests.xctest */;
			productType = "com.apple.product-type.bundle.ui-testing";
		};
/* End PBXNativeTarget section */

/* Begin PBXProject section */
		68C3A2C52CC59E2B00555A28 /* Project object */ = {
			isa = PBXProject;
			attributes = {
				BuildIndependentTargetsInParallel = 1;
				LastSwiftUpdateCheck = 1600;
				LastUpgradeCheck = 1600;
				TargetAttributes = {
					68C3A2CC2CC59E2B00555A28 = {
						CreatedOnToolsVersion = 16.0;
					};
					68C3A2DC2CC59E2C00555A28 = {
						CreatedOnToolsVersion = 16.0;
						TestTargetID = 68C3A2CC2CC59E2B00555A28;
					};
					68C3A2E62CC59E2C00555A28 = {
						CreatedOnToolsVersion = 16.0;
						TestTargetID = 68C3A2CC2CC59E2B00555A28;
					};
				};
			};
			buildConfigurationList = 68C3A2C82CC59E2B00555A28 /* Build configuration list for PBXProject "Caudales" */;
			developmentRegion = en;
			hasScannedForEncodings = 0;
			knownRegions = (
				en,
				Base,
			);
			mainGroup = 68C3A2C42CC59E2B00555A28;
			minimizedProjectReferenceProxies = 1;
			packageReferences = (
				68E2AD152CDC217C00DEC8DD /* XCLocalSwiftPackageReference "Modules" */,
			);
			preferredProjectObjectVersion = 77;
			productRefGroup = 68C3A2CE2CC59E2B00555A28 /* Products */;
			projectDirPath = "";
			projectRoot = "";
			targets = (
				68C3A2CC2CC59E2B00555A28 /* Caudales */,
				68C3A2DC2CC59E2C00555A28 /* CaudalesTests */,
				68C3A2E62CC59E2C00555A28 /* CaudalesUITests */,
			);
		};
/* End PBXProject section */

/* Begin PBXResourcesBuildPhase section */
		68C3A2CB2CC59E2B00555A28 /* Resources */ = {
			isa = PBXResourcesBuildPhase;
			buildActionMask = 2147483647;
			files = (
			);
			runOnlyForDeploymentPostprocessing = 0;
		};
		68C3A2DB2CC59E2C00555A28 /* Resources */ = {
			isa = PBXResourcesBuildPhase;
			buildActionMask = 2147483647;
			files = (
			);
			runOnlyForDeploymentPostprocessing = 0;
		};
		68C3A2E52CC59E2C00555A28 /* Resources */ = {
			isa = PBXResourcesBuildPhase;
			buildActionMask = 2147483647;
			files = (
			);
			runOnlyForDeploymentPostprocessing = 0;
		};
/* End PBXResourcesBuildPhase section */

/* Begin PBXSourcesBuildPhase section */
		68C3A2C92CC59E2B00555A28 /* Sources */ = {
			isa = PBXSourcesBuildPhase;
			buildActionMask = 2147483647;
			files = (
			);
			runOnlyForDeploymentPostprocessing = 0;
		};
		68C3A2D92CC59E2C00555A28 /* Sources */ = {
			isa = PBXSourcesBuildPhase;
			buildActionMask = 2147483647;
			files = (
			);
			runOnlyForDeploymentPostprocessing = 0;
		};
		68C3A2E32CC59E2C00555A28 /* Sources */ = {
			isa = PBXSourcesBuildPhase;
			buildActionMask = 2147483647;
			files = (
			);
			runOnlyForDeploymentPostprocessing = 0;
		};
/* End PBXSourcesBuildPhase section */

/* Begin PBXTargetDependency section */
		68C3A2DF2CC59E2C00555A28 /* PBXTargetDependency */ = {
			isa = PBXTargetDependency;
			target = 68C3A2CC2CC59E2B00555A28 /* Caudales */;
			targetProxy = 68C3A2DE2CC59E2C00555A28 /* PBXContainerItemProxy */;
		};
		68C3A2E92CC59E2C00555A28 /* PBXTargetDependency */ = {
			isa = PBXTargetDependency;
			target = 68C3A2CC2CC59E2B00555A28 /* Caudales */;
			targetProxy = 68C3A2E82CC59E2C00555A28 /* PBXContainerItemProxy */;
		};
/* End PBXTargetDependency section */

/* Begin XCBuildConfiguration section */
		68C3A2EF2CC59E2C00555A28 /* Debug */ = {
			isa = XCBuildConfiguration;
			buildSettings = {
				ALWAYS_SEARCH_USER_PATHS = NO;
				ASSETCATALOG_COMPILER_GENERATE_SWIFT_ASSET_SYMBOL_EXTENSIONS = YES;
				CLANG_ANALYZER_NONNULL = YES;
				CLANG_ANALYZER_NUMBER_OBJECT_CONVERSION = YES_AGGRESSIVE;
				CLANG_CXX_LANGUAGE_STANDARD = "gnu++20";
				CLANG_ENABLE_MODULES = YES;
				CLANG_ENABLE_OBJC_ARC = YES;
				CLANG_ENABLE_OBJC_WEAK = YES;
				CLANG_WARN_BLOCK_CAPTURE_AUTORELEASING = YES;
				CLANG_WARN_BOOL_CONVERSION = YES;
				CLANG_WARN_COMMA = YES;
				CLANG_WARN_CONSTANT_CONVERSION = YES;
				CLANG_WARN_DEPRECATED_OBJC_IMPLEMENTATIONS = YES;
				CLANG_WARN_DIRECT_OBJC_ISA_USAGE = YES_ERROR;
				CLANG_WARN_DOCUMENTATION_COMMENTS = YES;
				CLANG_WARN_EMPTY_BODY = YES;
				CLANG_WARN_ENUM_CONVERSION = YES;
				CLANG_WARN_INFINITE_RECURSION = YES;
				CLANG_WARN_INT_CONVERSION = YES;
				CLANG_WARN_NON_LITERAL_NULL_CONVERSION = YES;
				CLANG_WARN_OBJC_IMPLICIT_RETAIN_SELF = YES;
				CLANG_WARN_OBJC_LITERAL_CONVERSION = YES;
				CLANG_WARN_OBJC_ROOT_CLASS = YES_ERROR;
				CLANG_WARN_QUOTED_INCLUDE_IN_FRAMEWORK_HEADER = YES;
				CLANG_WARN_RANGE_LOOP_ANALYSIS = YES;
				CLANG_WARN_STRICT_PROTOTYPES = YES;
				CLANG_WARN_SUSPICIOUS_MOVE = YES;
				CLANG_WARN_UNGUARDED_AVAILABILITY = YES_AGGRESSIVE;
				CLANG_WARN_UNREACHABLE_CODE = YES;
				CLANG_WARN__DUPLICATE_METHOD_MATCH = YES;
				COPY_PHASE_STRIP = NO;
				DEBUG_INFORMATION_FORMAT = dwarf;
				ENABLE_STRICT_OBJC_MSGSEND = YES;
				ENABLE_TESTABILITY = YES;
				ENABLE_USER_SCRIPT_SANDBOXING = YES;
				GCC_C_LANGUAGE_STANDARD = gnu17;
				GCC_DYNAMIC_NO_PIC = NO;
				GCC_NO_COMMON_BLOCKS = YES;
				GCC_OPTIMIZATION_LEVEL = 0;
				GCC_PREPROCESSOR_DEFINITIONS = (
					"DEBUG=1",
					"$(inherited)",
				);
				GCC_WARN_64_TO_32_BIT_CONVERSION = YES;
				GCC_WARN_ABOUT_RETURN_TYPE = YES_ERROR;
				GCC_WARN_UNDECLARED_SELECTOR = YES;
				GCC_WARN_UNINITIALIZED_AUTOS = YES_AGGRESSIVE;
				GCC_WARN_UNUSED_FUNCTION = YES;
				GCC_WARN_UNUSED_VARIABLE = YES;
				IPHONEOS_DEPLOYMENT_TARGET = 18.0;
				LOCALIZATION_PREFERS_STRING_CATALOGS = YES;
				MTL_ENABLE_DEBUG_INFO = INCLUDE_SOURCE;
				MTL_FAST_MATH = YES;
				ONLY_ACTIVE_ARCH = YES;
				SDKROOT = iphoneos;
				SWIFT_ACTIVE_COMPILATION_CONDITIONS = "DEBUG $(inherited)";
				SWIFT_OPTIMIZATION_LEVEL = "-Onone";
			};
			name = Debug;
		};
		68C3A2F02CC59E2C00555A28 /* Release */ = {
			isa = XCBuildConfiguration;
			buildSettings = {
				ALWAYS_SEARCH_USER_PATHS = NO;
				ASSETCATALOG_COMPILER_GENERATE_SWIFT_ASSET_SYMBOL_EXTENSIONS = YES;
				CLANG_ANALYZER_NONNULL = YES;
				CLANG_ANALYZER_NUMBER_OBJECT_CONVERSION = YES_AGGRESSIVE;
				CLANG_CXX_LANGUAGE_STANDARD = "gnu++20";
				CLANG_ENABLE_MODULES = YES;
				CLANG_ENABLE_OBJC_ARC = YES;
				CLANG_ENABLE_OBJC_WEAK = YES;
				CLANG_WARN_BLOCK_CAPTURE_AUTORELEASING = YES;
				CLANG_WARN_BOOL_CONVERSION = YES;
				CLANG_WARN_COMMA = YES;
				CLANG_WARN_CONSTANT_CONVERSION = YES;
				CLANG_WARN_DEPRECATED_OBJC_IMPLEMENTATIONS = YES;
				CLANG_WARN_DIRECT_OBJC_ISA_USAGE = YES_ERROR;
				CLANG_WARN_DOCUMENTATION_COMMENTS = YES;
				CLANG_WARN_EMPTY_BODY = YES;
				CLANG_WARN_ENUM_CONVERSION = YES;
				CLANG_WARN_INFINITE_RECURSION = YES;
				CLANG_WARN_INT_CONVERSION = YES;
				CLANG_WARN_NON_LITERAL_NULL_CONVERSION = YES;
				CLANG_WARN_OBJC_IMPLICIT_RETAIN_SELF = YES;
				CLANG_WARN_OBJC_LITERAL_CONVERSION = YES;
				CLANG_WARN_OBJC_ROOT_CLASS = YES_ERROR;
				CLANG_WARN_QUOTED_INCLUDE_IN_FRAMEWORK_HEADER = YES;
				CLANG_WARN_RANGE_LOOP_ANALYSIS = YES;
				CLANG_WARN_STRICT_PROTOTYPES = YES;
				CLANG_WARN_SUSPICIOUS_MOVE = YES;
				CLANG_WARN_UNGUARDED_AVAILABILITY = YES_AGGRESSIVE;
				CLANG_WARN_UNREACHABLE_CODE = YES;
				CLANG_WARN__DUPLICATE_METHOD_MATCH = YES;
				COPY_PHASE_STRIP = NO;
				DEBUG_INFORMATION_FORMAT = "dwarf-with-dsym";
				ENABLE_NS_ASSERTIONS = NO;
				ENABLE_STRICT_OBJC_MSGSEND = YES;
				ENABLE_USER_SCRIPT_SANDBOXING = YES;
				GCC_C_LANGUAGE_STANDARD = gnu17;
				GCC_NO_COMMON_BLOCKS = YES;
				GCC_WARN_64_TO_32_BIT_CONVERSION = YES;
				GCC_WARN_ABOUT_RETURN_TYPE = YES_ERROR;
				GCC_WARN_UNDECLARED_SELECTOR = YES;
				GCC_WARN_UNINITIALIZED_AUTOS = YES_AGGRESSIVE;
				GCC_WARN_UNUSED_FUNCTION = YES;
				GCC_WARN_UNUSED_VARIABLE = YES;
				IPHONEOS_DEPLOYMENT_TARGET = 18.0;
				LOCALIZATION_PREFERS_STRING_CATALOGS = YES;
				MTL_ENABLE_DEBUG_INFO = NO;
				MTL_FAST_MATH = YES;
				SDKROOT = iphoneos;
				SWIFT_COMPILATION_MODE = wholemodule;
				VALIDATE_PRODUCT = YES;
			};
			name = Release;
		};
		68C3A2F22CC59E2C00555A28 /* Debug */ = {
			isa = XCBuildConfiguration;
			buildSettings = {
				ASSETCATALOG_COMPILER_APPICON_NAME = AppIcon;
				ASSETCATALOG_COMPILER_GLOBAL_ACCENT_COLOR_NAME = AccentColor;
				CODE_SIGN_STYLE = Automatic;
				CURRENT_PROJECT_VERSION = 1;
				DEVELOPMENT_ASSET_PATHS = "\"Caudales/Preview Content\"";
				DEVELOPMENT_TEAM = 6M9Z2EJ6NC;
				ENABLE_PREVIEWS = YES;
				GENERATE_INFOPLIST_FILE = YES;
				INFOPLIST_KEY_UIApplicationSceneManifest_Generation = YES;
				INFOPLIST_KEY_UIApplicationSupportsIndirectInputEvents = YES;
				INFOPLIST_KEY_UILaunchScreen_Generation = YES;
				INFOPLIST_KEY_UISupportedInterfaceOrientations_iPad = "UIInterfaceOrientationPortrait UIInterfaceOrientationPortraitUpsideDown UIInterfaceOrientationLandscapeLeft UIInterfaceOrientationLandscapeRight";
				INFOPLIST_KEY_UISupportedInterfaceOrientations_iPhone = "UIInterfaceOrientationPortrait UIInterfaceOrientationLandscapeLeft UIInterfaceOrientationLandscapeRight";
				IPHONEOS_DEPLOYMENT_TARGET = 17.6;
				LD_RUNPATH_SEARCH_PATHS = (
					"$(inherited)",
					"@executable_path/Frameworks",
				);
				MARKETING_VERSION = 1.0;
				PRODUCT_BUNDLE_IDENTIFIER = com.damc.Caudales;
				PRODUCT_NAME = "$(TARGET_NAME)";
				SWIFT_EMIT_LOC_STRINGS = YES;
				SWIFT_VERSION = 5.0;
				TARGETED_DEVICE_FAMILY = "1,2";
			};
			name = Debug;
		};
		68C3A2F32CC59E2C00555A28 /* Release */ = {
			isa = XCBuildConfiguration;
			buildSettings = {
				ASSETCATALOG_COMPILER_APPICON_NAME = AppIcon;
				ASSETCATALOG_COMPILER_GLOBAL_ACCENT_COLOR_NAME = AccentColor;
				CODE_SIGN_STYLE = Automatic;
				CURRENT_PROJECT_VERSION = 1;
				DEVELOPMENT_ASSET_PATHS = "\"Caudales/Preview Content\"";
				DEVELOPMENT_TEAM = 6M9Z2EJ6NC;
				ENABLE_PREVIEWS = YES;
				GENERATE_INFOPLIST_FILE = YES;
				INFOPLIST_KEY_UIApplicationSceneManifest_Generation = YES;
				INFOPLIST_KEY_UIApplicationSupportsIndirectInputEvents = YES;
				INFOPLIST_KEY_UILaunchScreen_Generation = YES;
				INFOPLIST_KEY_UISupportedInterfaceOrientations_iPad = "UIInterfaceOrientationPortrait UIInterfaceOrientationPortraitUpsideDown UIInterfaceOrientationLandscapeLeft UIInterfaceOrientationLandscapeRight";
				INFOPLIST_KEY_UISupportedInterfaceOrientations_iPhone = "UIInterfaceOrientationPortrait UIInterfaceOrientationLandscapeLeft UIInterfaceOrientationLandscapeRight";
				IPHONEOS_DEPLOYMENT_TARGET = 17.6;
				LD_RUNPATH_SEARCH_PATHS = (
					"$(inherited)",
					"@executable_path/Frameworks",
				);
				MARKETING_VERSION = 1.0;
				PRODUCT_BUNDLE_IDENTIFIER = com.damc.Caudales;
				PRODUCT_NAME = "$(TARGET_NAME)";
				SWIFT_EMIT_LOC_STRINGS = YES;
				SWIFT_VERSION = 5.0;
				TARGETED_DEVICE_FAMILY = "1,2";
			};
			name = Release;
		};
		68C3A2F52CC59E2C00555A28 /* Debug */ = {
			isa = XCBuildConfiguration;
			buildSettings = {
				BUNDLE_LOADER = "$(TEST_HOST)";
				CODE_SIGN_STYLE = Automatic;
				CURRENT_PROJECT_VERSION = 1;
				DEVELOPMENT_TEAM = 6M9Z2EJ6NC;
				GENERATE_INFOPLIST_FILE = YES;
				IPHONEOS_DEPLOYMENT_TARGET = 18.0;
				MARKETING_VERSION = 1.0;
				PRODUCT_BUNDLE_IDENTIFIER = com.damc.CaudalesTests;
				PRODUCT_NAME = "$(TARGET_NAME)";
				SWIFT_EMIT_LOC_STRINGS = NO;
				SWIFT_VERSION = 5.0;
				TARGETED_DEVICE_FAMILY = "1,2";
				TEST_HOST = "$(BUILT_PRODUCTS_DIR)/Caudales.app/$(BUNDLE_EXECUTABLE_FOLDER_PATH)/Caudales";
			};
			name = Debug;
		};
		68C3A2F62CC59E2C00555A28 /* Release */ = {
			isa = XCBuildConfiguration;
			buildSettings = {
				BUNDLE_LOADER = "$(TEST_HOST)";
				CODE_SIGN_STYLE = Automatic;
				CURRENT_PROJECT_VERSION = 1;
				DEVELOPMENT_TEAM = 6M9Z2EJ6NC;
				GENERATE_INFOPLIST_FILE = YES;
				IPHONEOS_DEPLOYMENT_TARGET = 18.0;
				MARKETING_VERSION = 1.0;
				PRODUCT_BUNDLE_IDENTIFIER = com.damc.CaudalesTests;
				PRODUCT_NAME = "$(TARGET_NAME)";
				SWIFT_EMIT_LOC_STRINGS = NO;
				SWIFT_VERSION = 5.0;
				TARGETED_DEVICE_FAMILY = "1,2";
				TEST_HOST = "$(BUILT_PRODUCTS_DIR)/Caudales.app/$(BUNDLE_EXECUTABLE_FOLDER_PATH)/Caudales";
			};
			name = Release;
		};
		68C3A2F82CC59E2C00555A28 /* Debug */ = {
			isa = XCBuildConfiguration;
			buildSettings = {
				CODE_SIGN_STYLE = Automatic;
				CURRENT_PROJECT_VERSION = 1;
				DEVELOPMENT_TEAM = 6M9Z2EJ6NC;
				GENERATE_INFOPLIST_FILE = YES;
				MARKETING_VERSION = 1.0;
				PRODUCT_BUNDLE_IDENTIFIER = com.damc.CaudalesUITests;
				PRODUCT_NAME = "$(TARGET_NAME)";
				SWIFT_EMIT_LOC_STRINGS = NO;
				SWIFT_VERSION = 5.0;
				TARGETED_DEVICE_FAMILY = "1,2";
				TEST_TARGET_NAME = Caudales;
			};
			name = Debug;
		};
		68C3A2F92CC59E2C00555A28 /* Release */ = {
			isa = XCBuildConfiguration;
			buildSettings = {
				CODE_SIGN_STYLE = Automatic;
				CURRENT_PROJECT_VERSION = 1;
				DEVELOPMENT_TEAM = 6M9Z2EJ6NC;
				GENERATE_INFOPLIST_FILE = YES;
				MARKETING_VERSION = 1.0;
				PRODUCT_BUNDLE_IDENTIFIER = com.damc.CaudalesUITests;
				PRODUCT_NAME = "$(TARGET_NAME)";
				SWIFT_EMIT_LOC_STRINGS = NO;
				SWIFT_VERSION = 5.0;
				TARGETED_DEVICE_FAMILY = "1,2";
				TEST_TARGET_NAME = Caudales;
			};
			name = Release;
		};
/* End XCBuildConfiguration section */

/* Begin XCConfigurationList section */
		68C3A2C82CC59E2B00555A28 /* Build configuration list for PBXProject "Caudales" */ = {
			isa = XCConfigurationList;
			buildConfigurations = (
				68C3A2EF2CC59E2C00555A28 /* Debug */,
				68C3A2F02CC59E2C00555A28 /* Release */,
			);
			defaultConfigurationIsVisible = 0;
			defaultConfigurationName = Release;
		};
		68C3A2F12CC59E2C00555A28 /* Build configuration list for PBXNativeTarget "Caudales" */ = {
			isa = XCConfigurationList;
			buildConfigurations = (
				68C3A2F22CC59E2C00555A28 /* Debug */,
				68C3A2F32CC59E2C00555A28 /* Release */,
			);
			defaultConfigurationIsVisible = 0;
			defaultConfigurationName = Release;
		};
		68C3A2F42CC59E2C00555A28 /* Build configuration list for PBXNativeTarget "CaudalesTests" */ = {
			isa = XCConfigurationList;
			buildConfigurations = (
				68C3A2F52CC59E2C00555A28 /* Debug */,
				68C3A2F62CC59E2C00555A28 /* Release */,
			);
			defaultConfigurationIsVisible = 0;
			defaultConfigurationName = Release;
		};
		68C3A2F72CC59E2C00555A28 /* Build configuration list for PBXNativeTarget "CaudalesUITests" */ = {
			isa = XCConfigurationList;
			buildConfigurations = (
				68C3A2F82CC59E2C00555A28 /* Debug */,
				68C3A2F92CC59E2C00555A28 /* Release */,
			);
			defaultConfigurationIsVisible = 0;
			defaultConfigurationName = Release;
		};
/* End XCConfigurationList section */

/* Begin XCLocalSwiftPackageReference section */
		68E2AD152CDC217C00DEC8DD /* XCLocalSwiftPackageReference "Modules" */ = {
			isa = XCLocalSwiftPackageReference;
			relativePath = Modules;
		};
/* End XCLocalSwiftPackageReference section */

/* Begin XCSwiftPackageProductDependency section */
		6820B1AE2CCEE24600D4E2F5 /* Rios */ = {
			isa = XCSwiftPackageProductDependency;
			productName = Rios;
		};
		68E2AD162CDC217C00DEC8DD /* AicNetwork */ = {
			isa = XCSwiftPackageProductDependency;
			productName = AicNetwork;
		};
		68E2AD182CDC217C00DEC8DD /* Rios */ = {
			isa = XCSwiftPackageProductDependency;
			productName = Rios;
		};
/* End XCSwiftPackageProductDependency section */
	};
	rootObject = 68C3A2C52CC59E2B00555A28 /* Project object */;
}
